
Microsoft Visual Studio Solution File, Format Version 12.00
# Visual Studio Version 17
VisualStudioVersion = 17.10.35013.160
MinimumVisualStudioVersion = 10.0.40219.1
Project("{9A19103F-16F7-4668-BE54-9A1E7A4F7556}") = "Tests", "Tests\Tests.csproj", "{ED81787D-FAC3-4575-B33A-18B53D8B9569}"
EndProject
Project("{9A19103F-16F7-4668-BE54-9A1E7A4F7556}") = "SMachine", "SMachine\SMachine.csproj", "{0C433C2B-B8DC-46DA-AA1A-2A1C514C26B8}"
EndProject
Global
	GlobalSection(SolutionConfigurationPlatforms) = preSolution
		Debug|Any CPU = Debug|Any CPU
		Release|Any CPU = Release|Any CPU
	EndGlobalSection
	GlobalSection(ProjectConfigurationPlatforms) = postSolution
		{ED81787D-FAC3-4575-B33A-18B53D8B9569}.Debug|Any CPU.ActiveCfg = Debug|Any CPU
		{ED81787D-FAC3-4575-B33A-18B53D8B9569}.Debug|Any CPU.Build.0 = Debug|Any CPU
		{ED81787D-FAC3-4575-B33A-18B53D8B9569}.Release|Any CPU.ActiveCfg = Release|Any CPU
		{ED81787D-FAC3-4575-B33A-18B53D8B9569}.Release|Any CPU.Build.0 = Release|Any CPU
		{0C433C2B-B8DC-46DA-AA1A-2A1C514C26B8}.Debug|Any CPU.ActiveCfg = Debug|Any CPU
		{0C433C2B-B8DC-46DA-AA1A-2A1C514C26B8}.Debug|Any CPU.Build.0 = Debug|Any CPU
		{0C433C2B-B8DC-46DA-AA1A-2A1C514C26B8}.Release|Any CPU.ActiveCfg = Release|Any CPU
		{0C433C2B-B8DC-46DA-AA1A-2A1C514C26B8}.Release|Any CPU.Build.0 = Release|Any CPU
	EndGlobalSection
	GlobalSection(SolutionProperties) = preSolution
		HideSolutionNode = FALSE
	EndGlobalSection
	GlobalSection(ExtensibilityGlobals) = postSolution
		SolutionGuid = {7322B6CC-92AF-4638-AF31-2F18DF04DE77}
	EndGlobalSection
EndGlobal
